
Microsoft Visual Studio Solution File, Format Version 12.00
# Visual Studio Version 17
VisualStudioVersion = 17.8.34309.116
MinimumVisualStudioVersion = 10.0.40219.1
Project("{FAE04EC0-301F-11D3-BF4B-00C04F79EFBC}") = "bot-manager-script", "bot-manager-script.csproj", "{705336B8-84FE-4CE3-9C4A-CF1E8E8CBE93}"
EndProject
Global
	GlobalSection(SolutionConfigurationPlatforms) = preSolution
		Debug|Any CPU = Debug|Any CPU
		Release|Any CPU = Release|Any CPU
	EndGlobalSection
	GlobalSection(ProjectConfigurationPlatforms) = postSolution
		{705336B8-84FE-4CE3-9C4A-CF1E8E8CBE93}.Debug|Any CPU.ActiveCfg = Debug|Any CPU
		{705336B8-84FE-4CE3-9C4A-CF1E8E8CBE93}.Debug|Any CPU.Build.0 = Debug|Any CPU
		{705336B8-84FE-4CE3-9C4A-CF1E8E8CBE93}.Release|Any CPU.ActiveCfg = Release|Any CPU
		{705336B8-84FE-4CE3-9C4A-CF1E8E8CBE93}.Release|Any CPU.Build.0 = Release|Any CPU
	EndGlobalSection
	GlobalSection(SolutionProperties) = preSolution
		HideSolutionNode = FALSE
	EndGlobalSection
	GlobalSection(ExtensibilityGlobals) = postSolution
		SolutionGuid = {F053214A-34F2-4E6E-9EF2-FA1998F6F806}
	EndGlobalSection
EndGlobal
